
Microsoft Visual Studio Solution File, Format Version 12.00
# Visual Studio 14
VisualStudioVersion = 14.0.25420.1
MinimumVisualStudioVersion = 10.0.40219.1
Project("{A07B5EB6-E848-4116-A8D0-A826331D98C6}") = "DemoProject.ServiceFabric", "DemoProject.ServiceFabric\DemoProject.ServiceFabric.sfproj", "{97F5FE5A-42DA-4158-9E3F-DD90CEA4BDF1}"
EndProject
Project("{FAE04EC0-301F-11D3-BF4B-00C04F79EFBC}") = "DemoProject.ServiceFabric.PersonWebApi", "DemoProject.ServiceFabric.PersonWebApi\DemoProject.ServiceFabric.PersonWebApi.csproj", "{C11069BA-25F3-474B-8E46-45B1232070E3}"
EndProject
Project("{FAE04EC0-301F-11D3-BF4B-00C04F79EFBC}") = "DemoProject.ServiceFabric.PersonDataBase", "DemoProject.ServiceFabric.PersonDataBase\DemoProject.ServiceFabric.PersonDataBase.csproj", "{5DD7A704-FB73-4408-A2A2-CA393113BB13}"
EndProject
Project("{FAE04EC0-301F-11D3-BF4B-00C04F79EFBC}") = "DemoProject.ServiceFabric.Common", "DemoProject.ServiceFabric.Common\DemoProject.ServiceFabric.Common.csproj", "{3DCEE55E-CAA5-4FE6-975E-26C597A90ED1}"
EndProject
Project("{FAE04EC0-301F-11D3-BF4B-00C04F79EFBC}") = "DemoProject.ServiceFabric.CourseWebApi", "DemoProject.ServiceFabric.CourseWebApi\DemoProject.ServiceFabric.CourseWebApi.csproj", "{9C5C1F51-792F-47B6-8BEA-C91459E31DDD}"
EndProject
Project("{FAE04EC0-301F-11D3-BF4B-00C04F79EFBC}") = "DemoProject.ServiceFabric.CourseDatabase", "DemoProject.ServiceFabric.CourseDatabase\DemoProject.ServiceFabric.CourseDatabase.csproj", "{EEE908E2-C837-458E-B639-7B8A80713968}"
EndProject
Project("{2150E333-8FDC-42A3-9474-1A3956D46DE8}") = "Tests", "Tests", "{6100F7D7-58D3-49C3-AFDE-6AD68DD5ACA9}"
EndProject
Project("{FAE04EC0-301F-11D3-BF4B-00C04F79EFBC}") = "DemoProject.ServiceFabric.CourseWebApiTests", "DemoProject.ServiceFabric.CourseWebApiTests\DemoProject.ServiceFabric.CourseWebApiTests.csproj", "{9CE9C40B-03A8-41B1-B335-D5EF533CC843}"
EndProject
Global
	GlobalSection(SolutionConfigurationPlatforms) = preSolution
		Debug|Any CPU = Debug|Any CPU
		Debug|x64 = Debug|x64
		Release|Any CPU = Release|Any CPU
		Release|x64 = Release|x64
	EndGlobalSection
	GlobalSection(ProjectConfigurationPlatforms) = postSolution
		{97F5FE5A-42DA-4158-9E3F-DD90CEA4BDF1}.Debug|Any CPU.ActiveCfg = Debug|x64
		{97F5FE5A-42DA-4158-9E3F-DD90CEA4BDF1}.Debug|x64.ActiveCfg = Debug|x64
		{97F5FE5A-42DA-4158-9E3F-DD90CEA4BDF1}.Debug|x64.Build.0 = Debug|x64
		{97F5FE5A-42DA-4158-9E3F-DD90CEA4BDF1}.Debug|x64.Deploy.0 = Debug|x64
		{97F5FE5A-42DA-4158-9E3F-DD90CEA4BDF1}.Release|Any CPU.ActiveCfg = Release|x64
		{97F5FE5A-42DA-4158-9E3F-DD90CEA4BDF1}.Release|x64.ActiveCfg = Release|x64
		{97F5FE5A-42DA-4158-9E3F-DD90CEA4BDF1}.Release|x64.Build.0 = Release|x64
		{97F5FE5A-42DA-4158-9E3F-DD90CEA4BDF1}.Release|x64.Deploy.0 = Release|x64
		{C11069BA-25F3-474B-8E46-45B1232070E3}.Debug|Any CPU.ActiveCfg = Debug|x64
		{C11069BA-25F3-474B-8E46-45B1232070E3}.Debug|x64.ActiveCfg = Debug|x64
		{C11069BA-25F3-474B-8E46-45B1232070E3}.Debug|x64.Build.0 = Debug|x64
		{C11069BA-25F3-474B-8E46-45B1232070E3}.Release|Any CPU.ActiveCfg = Release|x64
		{C11069BA-25F3-474B-8E46-45B1232070E3}.Release|x64.ActiveCfg = Release|x64
		{C11069BA-25F3-474B-8E46-45B1232070E3}.Release|x64.Build.0 = Release|x64
		{5DD7A704-FB73-4408-A2A2-CA393113BB13}.Debug|Any CPU.ActiveCfg = Debug|Any CPU
		{5DD7A704-FB73-4408-A2A2-CA393113BB13}.Debug|Any CPU.Build.0 = Debug|Any CPU
		{5DD7A704-FB73-4408-A2A2-CA393113BB13}.Debug|x64.ActiveCfg = Debug|Any CPU
		{5DD7A704-FB73-4408-A2A2-CA393113BB13}.Debug|x64.Build.0 = Debug|Any CPU
		{5DD7A704-FB73-4408-A2A2-CA393113BB13}.Release|Any CPU.ActiveCfg = Release|Any CPU
		{5DD7A704-FB73-4408-A2A2-CA393113BB13}.Release|Any CPU.Build.0 = Release|Any CPU
		{5DD7A704-FB73-4408-A2A2-CA393113BB13}.Release|x64.ActiveCfg = Release|Any CPU
		{5DD7A704-FB73-4408-A2A2-CA393113BB13}.Release|x64.Build.0 = Release|Any CPU
		{3DCEE55E-CAA5-4FE6-975E-26C597A90ED1}.Debug|Any CPU.ActiveCfg = Debug|Any CPU
		{3DCEE55E-CAA5-4FE6-975E-26C597A90ED1}.Debug|Any CPU.Build.0 = Debug|Any CPU
		{3DCEE55E-CAA5-4FE6-975E-26C597A90ED1}.Debug|x64.ActiveCfg = Debug|Any CPU
		{3DCEE55E-CAA5-4FE6-975E-26C597A90ED1}.Debug|x64.Build.0 = Debug|Any CPU
		{3DCEE55E-CAA5-4FE6-975E-26C597A90ED1}.Release|Any CPU.ActiveCfg = Release|Any CPU
		{3DCEE55E-CAA5-4FE6-975E-26C597A90ED1}.Release|Any CPU.Build.0 = Release|Any CPU
		{3DCEE55E-CAA5-4FE6-975E-26C597A90ED1}.Release|x64.ActiveCfg = Release|Any CPU
		{3DCEE55E-CAA5-4FE6-975E-26C597A90ED1}.Release|x64.Build.0 = Release|Any CPU
		{9C5C1F51-792F-47B6-8BEA-C91459E31DDD}.Debug|Any CPU.ActiveCfg = Debug|x64
		{9C5C1F51-792F-47B6-8BEA-C91459E31DDD}.Debug|x64.ActiveCfg = Debug|x64
		{9C5C1F51-792F-47B6-8BEA-C91459E31DDD}.Debug|x64.Build.0 = Debug|x64
		{9C5C1F51-792F-47B6-8BEA-C91459E31DDD}.Release|Any CPU.ActiveCfg = Release|x64
		{9C5C1F51-792F-47B6-8BEA-C91459E31DDD}.Release|x64.ActiveCfg = Release|x64
		{9C5C1F51-792F-47B6-8BEA-C91459E31DDD}.Release|x64.Build.0 = Release|x64
		{EEE908E2-C837-458E-B639-7B8A80713968}.Debug|Any CPU.ActiveCfg = Debug|Any CPU
		{EEE908E2-C837-458E-B639-7B8A80713968}.Debug|Any CPU.Build.0 = Debug|Any CPU
		{EEE908E2-C837-458E-B639-7B8A80713968}.Debug|x64.ActiveCfg = Debug|Any CPU
		{EEE908E2-C837-458E-B639-7B8A80713968}.Debug|x64.Build.0 = Debug|Any CPU
		{EEE908E2-C837-458E-B639-7B8A80713968}.Release|Any CPU.ActiveCfg = Release|Any CPU
		{EEE908E2-C837-458E-B639-7B8A80713968}.Release|Any CPU.Build.0 = Release|Any CPU
		{EEE908E2-C837-458E-B639-7B8A80713968}.Release|x64.ActiveCfg = Release|Any CPU
		{EEE908E2-C837-458E-B639-7B8A80713968}.Release|x64.Build.0 = Release|Any CPU
		{9CE9C40B-03A8-41B1-B335-D5EF533CC843}.Debug|Any CPU.ActiveCfg = Debug|Any CPU
		{9CE9C40B-03A8-41B1-B335-D5EF533CC843}.Debug|Any CPU.Build.0 = Debug|Any CPU
		{9CE9C40B-03A8-41B1-B335-D5EF533CC843}.Debug|x64.ActiveCfg = Debug|Any CPU
		{9CE9C40B-03A8-41B1-B335-D5EF533CC843}.Debug|x64.Build.0 = Debug|Any CPU
		{9CE9C40B-03A8-41B1-B335-D5EF533CC843}.Release|Any CPU.ActiveCfg = Release|Any CPU
		{9CE9C40B-03A8-41B1-B335-D5EF533CC843}.Release|Any CPU.Build.0 = Release|Any CPU
		{9CE9C40B-03A8-41B1-B335-D5EF533CC843}.Release|x64.ActiveCfg = Release|Any CPU
		{9CE9C40B-03A8-41B1-B335-D5EF533CC843}.Release|x64.Build.0 = Release|Any CPU
	EndGlobalSection
	GlobalSection(SolutionProperties) = preSolution
		HideSolutionNode = FALSE
	EndGlobalSection
	GlobalSection(NestedProjects) = preSolution
		{9CE9C40B-03A8-41B1-B335-D5EF533CC843} = {6100F7D7-58D3-49C3-AFDE-6AD68DD5ACA9}
	EndGlobalSection
EndGlobal
