
Microsoft Visual Studio Solution File, Format Version 12.00
# Visual Studio 14
VisualStudioVersion = 14.0.25420.1
MinimumVisualStudioVersion = 10.0.40219.1
Project("{A07B5EB6-E848-4116-A8D0-A826331D98C6}") = "DemoProject.ServiceFabric", "DemoProject.ServiceFabric\DemoProject.ServiceFabric.sfproj", "{97F5FE5A-42DA-4158-9E3F-DD90CEA4BDF1}"
EndProject
Project("{FAE04EC0-301F-11D3-BF4B-00C04F79EFBC}") = "DemoProject.ServiceFabric.PersonWebApi", "DemoProject.ServiceFabric.PersonWebApi\DemoProject.ServiceFabric.PersonWebApi.csproj", "{C11069BA-25F3-474B-8E46-45B1232070E3}"
EndProject
Project("{FAE04EC0-301F-11D3-BF4B-00C04F79EFBC}") = "DemoProject.ServiceFabric.PersonDataBase", "DemoProject.ServiceFabric.PersonDataBase\DemoProject.ServiceFabric.PersonDataBase.csproj", "{5DD7A704-FB73-4408-A2A2-CA393113BB13}"
EndProject
Global
	GlobalSection(SolutionConfigurationPlatforms) = preSolution
		Debug|Any CPU = Debug|Any CPU
		Debug|x64 = Debug|x64
		Release|Any CPU = Release|Any CPU
		Release|x64 = Release|x64
	EndGlobalSection
	GlobalSection(ProjectConfigurationPlatforms) = postSolution
		{97F5FE5A-42DA-4158-9E3F-DD90CEA4BDF1}.Debug|Any CPU.ActiveCfg = Debug|x64
		{97F5FE5A-42DA-4158-9E3F-DD90CEA4BDF1}.Debug|x64.ActiveCfg = Debug|x64
		{97F5FE5A-42DA-4158-9E3F-DD90CEA4BDF1}.Debug|x64.Build.0 = Debug|x64
		{97F5FE5A-42DA-4158-9E3F-DD90CEA4BDF1}.Debug|x64.Deploy.0 = Debug|x64
		{97F5FE5A-42DA-4158-9E3F-DD90CEA4BDF1}.Release|Any CPU.ActiveCfg = Release|x64
		{97F5FE5A-42DA-4158-9E3F-DD90CEA4BDF1}.Release|x64.ActiveCfg = Release|x64
		{97F5FE5A-42DA-4158-9E3F-DD90CEA4BDF1}.Release|x64.Build.0 = Release|x64
		{97F5FE5A-42DA-4158-9E3F-DD90CEA4BDF1}.Release|x64.Deploy.0 = Release|x64
		{C11069BA-25F3-474B-8E46-45B1232070E3}.Debug|Any CPU.ActiveCfg = Debug|x64
		{C11069BA-25F3-474B-8E46-45B1232070E3}.Debug|x64.ActiveCfg = Debug|x64
		{C11069BA-25F3-474B-8E46-45B1232070E3}.Debug|x64.Build.0 = Debug|x64
		{C11069BA-25F3-474B-8E46-45B1232070E3}.Release|Any CPU.ActiveCfg = Release|x64
		{C11069BA-25F3-474B-8E46-45B1232070E3}.Release|x64.ActiveCfg = Release|x64
		{C11069BA-25F3-474B-8E46-45B1232070E3}.Release|x64.Build.0 = Release|x64
		{5DD7A704-FB73-4408-A2A2-CA393113BB13}.Debug|Any CPU.ActiveCfg = Debug|Any CPU
		{5DD7A704-FB73-4408-A2A2-CA393113BB13}.Debug|Any CPU.Build.0 = Debug|Any CPU
		{5DD7A704-FB73-4408-A2A2-CA393113BB13}.Debug|x64.ActiveCfg = Debug|Any CPU
		{5DD7A704-FB73-4408-A2A2-CA393113BB13}.Debug|x64.Build.0 = Debug|Any CPU
		{5DD7A704-FB73-4408-A2A2-CA393113BB13}.Release|Any CPU.ActiveCfg = Release|Any CPU
		{5DD7A704-FB73-4408-A2A2-CA393113BB13}.Release|Any CPU.Build.0 = Release|Any CPU
		{5DD7A704-FB73-4408-A2A2-CA393113BB13}.Release|x64.ActiveCfg = Release|Any CPU
		{5DD7A704-FB73-4408-A2A2-CA393113BB13}.Release|x64.Build.0 = Release|Any CPU
	EndGlobalSection
	GlobalSection(SolutionProperties) = preSolution
		HideSolutionNode = FALSE
	EndGlobalSection
EndGlobal
